// !$*UTF8*$!
{
	archiveVersion = 1;
	classes = {
	};
	objectVersion = 56;
	objects = {

/* Begin PBXBuildFile section */
		C650B67F2B57168C00D8D968 /* ReadWellApp.swift in Sources */ = {isa = PBXBuildFile; fileRef = C650B67E2B57168C00D8D968 /* ReadWellApp.swift */; };
		C650B6812B57168C00D8D968 /* ContentView.swift in Sources */ = {isa = PBXBuildFile; fileRef = C650B6802B57168C00D8D968 /* ContentView.swift */; };
		C650B6832B57168E00D8D968 /* Assets.xcassets in Resources */ = {isa = PBXBuildFile; fileRef = C650B6822B57168E00D8D968 /* Assets.xcassets */; };
		C650B6862B57168E00D8D968 /* Preview Assets.xcassets in Resources */ = {isa = PBXBuildFile; fileRef = C650B6852B57168E00D8D968 /* Preview Assets.xcassets */; };
		C650B6902B57168E00D8D968 /* ReadWellTests.swift in Sources */ = {isa = PBXBuildFile; fileRef = C650B68F2B57168E00D8D968 /* ReadWellTests.swift */; };
		C650B69A2B57168E00D8D968 /* ReadWellUITests.swift in Sources */ = {isa = PBXBuildFile; fileRef = C650B6992B57168E00D8D968 /* ReadWellUITests.swift */; };
		C650B69C2B57168E00D8D968 /* ReadWellUITestsLaunchTests.swift in Sources */ = {isa = PBXBuildFile; fileRef = C650B69B2B57168E00D8D968 /* ReadWellUITestsLaunchTests.swift */; };
/* End PBXBuildFile section */

/* Begin PBXContainerItemProxy section */
		C650B68C2B57168E00D8D968 /* PBXContainerItemProxy */ = {
			isa = PBXContainerItemProxy;
			containerPortal = C650B6732B57168C00D8D968 /* Project object */;
			proxyType = 1;
			remoteGlobalIDString = C650B67A2B57168C00D8D968;
			remoteInfo = ReadWell;
		};
		C650B6962B57168E00D8D968 /* PBXContainerItemProxy */ = {
			isa = PBXContainerItemProxy;
			containerPortal = C650B6732B57168C00D8D968 /* Project object */;
			proxyType = 1;
			remoteGlobalIDString = C650B67A2B57168C00D8D968;
			remoteInfo = ReadWell;
		};
/* End PBXContainerItemProxy section */

/* Begin PBXFileReference section */
		C650B67B2B57168C00D8D968 /* ReadWell.app */ = {isa = PBXFileReference; explicitFileType = wrapper.application; includeInIndex = 0; path = ReadWell.app; sourceTree = BUILT_PRODUCTS_DIR; };
		C650B67E2B57168C00D8D968 /* ReadWellApp.swift */ = {isa = PBXFileReference; lastKnownFileType = sourcecode.swift; path = ReadWellApp.swift; sourceTree = "<group>"; };
		C650B6802B57168C00D8D968 /* ContentView.swift */ = {isa = PBXFileReference; lastKnownFileType = sourcecode.swift; path = ContentView.swift; sourceTree = "<group>"; };
		C650B6822B57168E00D8D968 /* Assets.xcassets */ = {isa = PBXFileReference; lastKnownFileType = folder.assetcatalog; path = Assets.xcassets; sourceTree = "<group>"; };
		C650B6852B57168E00D8D968 /* Preview Assets.xcassets */ = {isa = PBXFileReference; lastKnownFileType = folder.assetcatalog; path = "Preview Assets.xcassets"; sourceTree = "<group>"; };
		C650B68B2B57168E00D8D968 /* ReadWellTests.xctest */ = {isa = PBXFileReference; explicitFileType = wrapper.cfbundle; includeInIndex = 0; path = ReadWellTests.xctest; sourceTree = BUILT_PRODUCTS_DIR; };
		C650B68F2B57168E00D8D968 /* ReadWellTests.swift */ = {isa = PBXFileReference; lastKnownFileType = sourcecode.swift; path = ReadWellTests.swift; sourceTree = "<group>"; };
		C650B6952B57168E00D8D968 /* ReadWellUITests.xctest */ = {isa = PBXFileReference; explicitFileType = wrapper.cfbundle; includeInIndex = 0; path = ReadWellUITests.xctest; sourceTree = BUILT_PRODUCTS_DIR; };
		C650B6992B57168E00D8D968 /* ReadWellUITests.swift */ = {isa = PBXFileReference; lastKnownFileType = sourcecode.swift; path = ReadWellUITests.swift; sourceTree = "<group>"; };
		C650B69B2B57168E00D8D968 /* ReadWellUITestsLaunchTests.swift */ = {isa = PBXFileReference; lastKnownFileType = sourcecode.swift; path = ReadWellUITestsLaunchTests.swift; sourceTree = "<group>"; };
/* End PBXFileReference section */

/* Begin PBXFrameworksBuildPhase section */
		C650B6782B57168C00D8D968 /* Frameworks */ = {
			isa = PBXFrameworksBuildPhase;
			buildActionMask = 2147483647;
			files = (
			);
			runOnlyForDeploymentPostprocessing = 0;
		};
		C650B6882B57168E00D8D968 /* Frameworks */ = {
			isa = PBXFrameworksBuildPhase;
			buildActionMask = 2147483647;
			files = (
			);
			runOnlyForDeploymentPostprocessing = 0;
		};
		C650B6922B57168E00D8D968 /* Frameworks */ = {
			isa = PBXFrameworksBuildPhase;
			buildActionMask = 2147483647;
			files = (
			);
			runOnlyForDeploymentPostprocessing = 0;
		};
/* End PBXFrameworksBuildPhase section */

/* Begin PBXGroup section */
		C650B6722B57168C00D8D968 = {
			isa = PBXGroup;
			children = (
				C650B67D2B57168C00D8D968 /* ReadWell */,
				C650B68E2B57168E00D8D968 /* ReadWellTests */,
				C650B6982B57168E00D8D968 /* ReadWellUITests */,
				C650B67C2B57168C00D8D968 /* Products */,
			);
			sourceTree = "<group>";
		};
		C650B67C2B57168C00D8D968 /* Products */ = {
			isa = PBXGroup;
			children = (
				C650B67B2B57168C00D8D968 /* ReadWell.app */,
				C650B68B2B57168E00D8D968 /* ReadWellTests.xctest */,
				C650B6952B57168E00D8D968 /* ReadWellUITests.xctest */,
			);
			name = Products;
			sourceTree = "<group>";
		};
		C650B67D2B57168C00D8D968 /* ReadWell */ = {
			isa = PBXGroup;
			children = (
				C650B67E2B57168C00D8D968 /* ReadWellApp.swift */,
				C650B6802B57168C00D8D968 /* ContentView.swift */,
				C650B6822B57168E00D8D968 /* Assets.xcassets */,
				C650B6842B57168E00D8D968 /* Preview Content */,
			);
			path = ReadWell;
			sourceTree = "<group>";
		};
		C650B6842B57168E00D8D968 /* Preview Content */ = {
			isa = PBXGroup;
			children = (
				C650B6852B57168E00D8D968 /* Preview Assets.xcassets */,
			);
			path = "Preview Content";
			sourceTree = "<group>";
		};
		C650B68E2B57168E00D8D968 /* ReadWellTests */ = {
			isa = PBXGroup;
			children = (
				C650B68F2B57168E00D8D968 /* ReadWellTests.swift */,
			);
			path = ReadWellTests;
			sourceTree = "<group>";
		};
		C650B6982B57168E00D8D968 /* ReadWellUITests */ = {
			isa = PBXGroup;
			children = (
				C650B6992B57168E00D8D968 /* ReadWellUITests.swift */,
				C650B69B2B57168E00D8D968 /* ReadWellUITestsLaunchTests.swift */,
			);
			path = ReadWellUITests;
			sourceTree = "<group>";
		};
/* End PBXGroup section */

/* Begin PBXNativeTarget section */
		C650B67A2B57168C00D8D968 /* ReadWell */ = {
			isa = PBXNativeTarget;
			buildConfigurationList = C650B69F2B57168E00D8D968 /* Build configuration list for PBXNativeTarget "ReadWell" */;
			buildPhases = (
				C650B6772B57168C00D8D968 /* Sources */,
				C650B6782B57168C00D8D968 /* Frameworks */,
				C650B6792B57168C00D8D968 /* Resources */,
			);
			buildRules = (
			);
			dependencies = (
			);
			name = ReadWell;
			productName = ReadWell;
			productReference = C650B67B2B57168C00D8D968 /* ReadWell.app */;
			productType = "com.apple.product-type.application";
		};
		C650B68A2B57168E00D8D968 /* ReadWellTests */ = {
			isa = PBXNativeTarget;
			buildConfigurationList = C650B6A22B57168E00D8D968 /* Build configuration list for PBXNativeTarget "ReadWellTests" */;
			buildPhases = (
				C650B6872B57168E00D8D968 /* Sources */,
				C650B6882B57168E00D8D968 /* Frameworks */,
				C650B6892B57168E00D8D968 /* Resources */,
			);
			buildRules = (
			);
			dependencies = (
				C650B68D2B57168E00D8D968 /* PBXTargetDependency */,
			);
			name = ReadWellTests;
			productName = ReadWellTests;
			productReference = C650B68B2B57168E00D8D968 /* ReadWellTests.xctest */;
			productType = "com.apple.product-type.bundle.unit-test";
		};
		C650B6942B57168E00D8D968 /* ReadWellUITests */ = {
			isa = PBXNativeTarget;
			buildConfigurationList = C650B6A52B57168E00D8D968 /* Build configuration list for PBXNativeTarget "ReadWellUITests" */;
			buildPhases = (
				C650B6912B57168E00D8D968 /* Sources */,
				C650B6922B57168E00D8D968 /* Frameworks */,
				C650B6932B57168E00D8D968 /* Resources */,
			);
			buildRules = (
			);
			dependencies = (
				C650B6972B57168E00D8D968 /* PBXTargetDependency */,
			);
			name = ReadWellUITests;
			productName = ReadWellUITests;
			productReference = C650B6952B57168E00D8D968 /* ReadWellUITests.xctest */;
			productType = "com.apple.product-type.bundle.ui-testing";
		};
/* End PBXNativeTarget section */

/* Begin PBXProject section */
		C650B6732B57168C00D8D968 /* Project object */ = {
			isa = PBXProject;
			attributes = {
				BuildIndependentTargetsInParallel = 1;
				LastSwiftUpdateCheck = 1430;
				LastUpgradeCheck = 1430;
				TargetAttributes = {
					C650B67A2B57168C00D8D968 = {
						CreatedOnToolsVersion = 14.3.1;
					};
					C650B68A2B57168E00D8D968 = {
						CreatedOnToolsVersion = 14.3.1;
						TestTargetID = C650B67A2B57168C00D8D968;
					};
					C650B6942B57168E00D8D968 = {
						CreatedOnToolsVersion = 14.3.1;
						TestTargetID = C650B67A2B57168C00D8D968;
					};
				};
			};
			buildConfigurationList = C650B6762B57168C00D8D968 /* Build configuration list for PBXProject "ReadWell" */;
			compatibilityVersion = "Xcode 14.0";
			developmentRegion = en;
			hasScannedForEncodings = 0;
			knownRegions = (
				en,
				Base,
			);
			mainGroup = C650B6722B57168C00D8D968;
			productRefGroup = C650B67C2B57168C00D8D968 /* Products */;
			projectDirPath = "";
			projectRoot = "";
			targets = (
				C650B67A2B57168C00D8D968 /* ReadWell */,
				C650B68A2B57168E00D8D968 /* ReadWellTests */,
				C650B6942B57168E00D8D968 /* ReadWellUITests */,
			);
		};
/* End PBXProject section */

/* Begin PBXResourcesBuildPhase section */
		C650B6792B57168C00D8D968 /* Resources */ = {
			isa = PBXResourcesBuildPhase;
			buildActionMask = 2147483647;
			files = (
				C650B6862B57168E00D8D968 /* Preview Assets.xcassets in Resources */,
				C650B6832B57168E00D8D968 /* Assets.xcassets in Resources */,
			);
			runOnlyForDeploymentPostprocessing = 0;
		};
		C650B6892B57168E00D8D968 /* Resources */ = {
			isa = PBXResourcesBuildPhase;
			buildActionMask = 2147483647;
			files = (
			);
			runOnlyForDeploymentPostprocessing = 0;
		};
		C650B6932B57168E00D8D968 /* Resources */ = {
			isa = PBXResourcesBuildPhase;
			buildActionMask = 2147483647;
			files = (
			);
			runOnlyForDeploymentPostprocessing = 0;
		};
/* End PBXResourcesBuildPhase section */

/* Begin PBXSourcesBuildPhase section */
		C650B6772B57168C00D8D968 /* Sources */ = {
			isa = PBXSourcesBuildPhase;
			buildActionMask = 2147483647;
			files = (
				C650B6812B57168C00D8D968 /* ContentView.swift in Sources */,
				C650B67F2B57168C00D8D968 /* ReadWellApp.swift in Sources */,
			);
			runOnlyForDeploymentPostprocessing = 0;
		};
		C650B6872B57168E00D8D968 /* Sources */ = {
			isa = PBXSourcesBuildPhase;
			buildActionMask = 2147483647;
			files = (
				C650B6902B57168E00D8D968 /* ReadWellTests.swift in Sources */,
			);
			runOnlyForDeploymentPostprocessing = 0;
		};
		C650B6912B57168E00D8D968 /* Sources */ = {
			isa = PBXSourcesBuildPhase;
			buildActionMask = 2147483647;
			files = (
				C650B69C2B57168E00D8D968 /* ReadWellUITestsLaunchTests.swift in Sources */,
				C650B69A2B57168E00D8D968 /* ReadWellUITests.swift in Sources */,
			);
			runOnlyForDeploymentPostprocessing = 0;
		};
/* End PBXSourcesBuildPhase section */

/* Begin PBXTargetDependency section */
		C650B68D2B57168E00D8D968 /* PBXTargetDependency */ = {
			isa = PBXTargetDependency;
			target = C650B67A2B57168C00D8D968 /* ReadWell */;
			targetProxy = C650B68C2B57168E00D8D968 /* PBXContainerItemProxy */;
		};
		C650B6972B57168E00D8D968 /* PBXTargetDependency */ = {
			isa = PBXTargetDependency;
			target = C650B67A2B57168C00D8D968 /* ReadWell */;
			targetProxy = C650B6962B57168E00D8D968 /* PBXContainerItemProxy */;
		};
/* End PBXTargetDependency section */

/* Begin XCBuildConfiguration section */
		C650B69D2B57168E00D8D968 /* Debug */ = {
			isa = XCBuildConfiguration;
			buildSettings = {
				ALWAYS_SEARCH_USER_PATHS = NO;
				CLANG_ANALYZER_NONNULL = YES;
				CLANG_ANALYZER_NUMBER_OBJECT_CONVERSION = YES_AGGRESSIVE;
				CLANG_CXX_LANGUAGE_STANDARD = "gnu++20";
				CLANG_ENABLE_MODULES = YES;
				CLANG_ENABLE_OBJC_ARC = YES;
				CLANG_ENABLE_OBJC_WEAK = YES;
				CLANG_WARN_BLOCK_CAPTURE_AUTORELEASING = YES;
				CLANG_WARN_BOOL_CONVERSION = YES;
				CLANG_WARN_COMMA = YES;
				CLANG_WARN_CONSTANT_CONVERSION = YES;
				CLANG_WARN_DEPRECATED_OBJC_IMPLEMENTATIONS = YES;
				CLANG_WARN_DIRECT_OBJC_ISA_USAGE = YES_ERROR;
				CLANG_WARN_DOCUMENTATION_COMMENTS = YES;
				CLANG_WARN_EMPTY_BODY = YES;
				CLANG_WARN_ENUM_CONVERSION = YES;
				CLANG_WARN_INFINITE_RECURSION = YES;
				CLANG_WARN_INT_CONVERSION = YES;
				CLANG_WARN_NON_LITERAL_NULL_CONVERSION = YES;
				CLANG_WARN_OBJC_IMPLICIT_RETAIN_SELF = YES;
				CLANG_WARN_OBJC_LITERAL_CONVERSION = YES;
				CLANG_WARN_OBJC_ROOT_CLASS = YES_ERROR;
				CLANG_WARN_QUOTED_INCLUDE_IN_FRAMEWORK_HEADER = YES;
				CLANG_WARN_RANGE_LOOP_ANALYSIS = YES;
				CLANG_WARN_STRICT_PROTOTYPES = YES;
				CLANG_WARN_SUSPICIOUS_MOVE = YES;
				CLANG_WARN_UNGUARDED_AVAILABILITY = YES_AGGRESSIVE;
				CLANG_WARN_UNREACHABLE_CODE = YES;
				CLANG_WARN__DUPLICATE_METHOD_MATCH = YES;
				COPY_PHASE_STRIP = NO;
				DEBUG_INFORMATION_FORMAT = dwarf;
				ENABLE_STRICT_OBJC_MSGSEND = YES;
				ENABLE_TESTABILITY = YES;
				GCC_C_LANGUAGE_STANDARD = gnu11;
				GCC_DYNAMIC_NO_PIC = NO;
				GCC_NO_COMMON_BLOCKS = YES;
				GCC_OPTIMIZATION_LEVEL = 0;
				GCC_PREPROCESSOR_DEFINITIONS = (
					"DEBUG=1",
					"$(inherited)",
				);
				GCC_WARN_64_TO_32_BIT_CONVERSION = YES;
				GCC_WARN_ABOUT_RETURN_TYPE = YES_ERROR;
				GCC_WARN_UNDECLARED_SELECTOR = YES;
				GCC_WARN_UNINITIALIZED_AUTOS = YES_AGGRESSIVE;
				GCC_WARN_UNUSED_FUNCTION = YES;
				GCC_WARN_UNUSED_VARIABLE = YES;
				IPHONEOS_DEPLOYMENT_TARGET = 16.4;
				MTL_ENABLE_DEBUG_INFO = INCLUDE_SOURCE;
				MTL_FAST_MATH = YES;
				ONLY_ACTIVE_ARCH = YES;
				SDKROOT = iphoneos;
				SWIFT_ACTIVE_COMPILATION_CONDITIONS = DEBUG;
				SWIFT_OPTIMIZATION_LEVEL = "-Onone";
			};
			name = Debug;
		};
		C650B69E2B57168E00D8D968 /* Release */ = {
			isa = XCBuildConfiguration;
			buildSettings = {
				ALWAYS_SEARCH_USER_PATHS = NO;
				CLANG_ANALYZER_NONNULL = YES;
				CLANG_ANALYZER_NUMBER_OBJECT_CONVERSION = YES_AGGRESSIVE;
				CLANG_CXX_LANGUAGE_STANDARD = "gnu++20";
				CLANG_ENABLE_MODULES = YES;
				CLANG_ENABLE_OBJC_ARC = YES;
				CLANG_ENABLE_OBJC_WEAK = YES;
				CLANG_WARN_BLOCK_CAPTURE_AUTORELEASING = YES;
				CLANG_WARN_BOOL_CONVERSION = YES;
				CLANG_WARN_COMMA = YES;
				CLANG_WARN_CONSTANT_CONVERSION = YES;
				CLANG_WARN_DEPRECATED_OBJC_IMPLEMENTATIONS = YES;
				CLANG_WARN_DIRECT_OBJC_ISA_USAGE = YES_ERROR;
				CLANG_WARN_DOCUMENTATION_COMMENTS = YES;
				CLANG_WARN_EMPTY_BODY = YES;
				CLANG_WARN_ENUM_CONVERSION = YES;
				CLANG_WARN_INFINITE_RECURSION = YES;
				CLANG_WARN_INT_CONVERSION = YES;
				CLANG_WARN_NON_LITERAL_NULL_CONVERSION = YES;
				CLANG_WARN_OBJC_IMPLICIT_RETAIN_SELF = YES;
				CLANG_WARN_OBJC_LITERAL_CONVERSION = YES;
				CLANG_WARN_OBJC_ROOT_CLASS = YES_ERROR;
				CLANG_WARN_QUOTED_INCLUDE_IN_FRAMEWORK_HEADER = YES;
				CLANG_WARN_RANGE_LOOP_ANALYSIS = YES;
				CLANG_WARN_STRICT_PROTOTYPES = YES;
				CLANG_WARN_SUSPICIOUS_MOVE = YES;
				CLANG_WARN_UNGUARDED_AVAILABILITY = YES_AGGRESSIVE;
				CLANG_WARN_UNREACHABLE_CODE = YES;
				CLANG_WARN__DUPLICATE_METHOD_MATCH = YES;
				COPY_PHASE_STRIP = NO;
				DEBUG_INFORMATION_FORMAT = "dwarf-with-dsym";
				ENABLE_NS_ASSERTIONS = NO;
				ENABLE_STRICT_OBJC_MSGSEND = YES;
				GCC_C_LANGUAGE_STANDARD = gnu11;
				GCC_NO_COMMON_BLOCKS = YES;
				GCC_WARN_64_TO_32_BIT_CONVERSION = YES;
				GCC_WARN_ABOUT_RETURN_TYPE = YES_ERROR;
				GCC_WARN_UNDECLARED_SELECTOR = YES;
				GCC_WARN_UNINITIALIZED_AUTOS = YES_AGGRESSIVE;
				GCC_WARN_UNUSED_FUNCTION = YES;
				GCC_WARN_UNUSED_VARIABLE = YES;
				IPHONEOS_DEPLOYMENT_TARGET = 16.4;
				MTL_ENABLE_DEBUG_INFO = NO;
				MTL_FAST_MATH = YES;
				SDKROOT = iphoneos;
				SWIFT_COMPILATION_MODE = wholemodule;
				SWIFT_OPTIMIZATION_LEVEL = "-O";
				VALIDATE_PRODUCT = YES;
			};
			name = Release;
		};
		C650B6A02B57168E00D8D968 /* Debug */ = {
			isa = XCBuildConfiguration;
			buildSettings = {
				ASSETCATALOG_COMPILER_APPICON_NAME = AppIcon;
				ASSETCATALOG_COMPILER_GLOBAL_ACCENT_COLOR_NAME = AccentColor;
				CODE_SIGN_STYLE = Automatic;
				CURRENT_PROJECT_VERSION = 1;
				DEVELOPMENT_ASSET_PATHS = "\"ReadWell/Preview Content\"";
				ENABLE_PREVIEWS = YES;
				GENERATE_INFOPLIST_FILE = YES;
				INFOPLIST_KEY_UIApplicationSceneManifest_Generation = YES;
				INFOPLIST_KEY_UIApplicationSupportsIndirectInputEvents = YES;
				INFOPLIST_KEY_UILaunchScreen_Generation = YES;
				INFOPLIST_KEY_UISupportedInterfaceOrientations_iPad = "UIInterfaceOrientationPortrait UIInterfaceOrientationPortraitUpsideDown UIInterfaceOrientationLandscapeLeft UIInterfaceOrientationLandscapeRight";
				INFOPLIST_KEY_UISupportedInterfaceOrientations_iPhone = "UIInterfaceOrientationPortrait UIInterfaceOrientationLandscapeLeft UIInterfaceOrientationLandscapeRight";
				LD_RUNPATH_SEARCH_PATHS = (
					"$(inherited)",
					"@executable_path/Frameworks",
				);
				MARKETING_VERSION = 1.0;
				PRODUCT_BUNDLE_IDENTIFIER = Cp.ReadWell;
				PRODUCT_NAME = "$(TARGET_NAME)";
				SWIFT_EMIT_LOC_STRINGS = YES;
				SWIFT_VERSION = 5.0;
				TARGETED_DEVICE_FAMILY = "1,2";
			};
			name = Debug;
		};
		C650B6A12B57168E00D8D968 /* Release */ = {
			isa = XCBuildConfiguration;
			buildSettings = {
				ASSETCATALOG_COMPILER_APPICON_NAME = AppIcon;
				ASSETCATALOG_COMPILER_GLOBAL_ACCENT_COLOR_NAME = AccentColor;
				CODE_SIGN_STYLE = Automatic;
				CURRENT_PROJECT_VERSION = 1;
				DEVELOPMENT_ASSET_PATHS = "\"ReadWell/Preview Content\"";
				ENABLE_PREVIEWS = YES;
				GENERATE_INFOPLIST_FILE = YES;
				INFOPLIST_KEY_UIApplicationSceneManifest_Generation = YES;
				INFOPLIST_KEY_UIApplicationSupportsIndirectInputEvents = YES;
				INFOPLIST_KEY_UILaunchScreen_Generation = YES;
				INFOPLIST_KEY_UISupportedInterfaceOrientations_iPad = "UIInterfaceOrientationPortrait UIInterfaceOrientationPortraitUpsideDown UIInterfaceOrientationLandscapeLeft UIInterfaceOrientationLandscapeRight";
				INFOPLIST_KEY_UISupportedInterfaceOrientations_iPhone = "UIInterfaceOrientationPortrait UIInterfaceOrientationLandscapeLeft UIInterfaceOrientationLandscapeRight";
				LD_RUNPATH_SEARCH_PATHS = (
					"$(inherited)",
					"@executable_path/Frameworks",
				);
				MARKETING_VERSION = 1.0;
				PRODUCT_BUNDLE_IDENTIFIER = Cp.ReadWell;
				PRODUCT_NAME = "$(TARGET_NAME)";
				SWIFT_EMIT_LOC_STRINGS = YES;
				SWIFT_VERSION = 5.0;
				TARGETED_DEVICE_FAMILY = "1,2";
			};
			name = Release;
		};
		C650B6A32B57168E00D8D968 /* Debug */ = {
			isa = XCBuildConfiguration;
			buildSettings = {
				ALWAYS_EMBED_SWIFT_STANDARD_LIBRARIES = YES;
				BUNDLE_LOADER = "$(TEST_HOST)";
				CODE_SIGN_STYLE = Automatic;
				CURRENT_PROJECT_VERSION = 1;
				GENERATE_INFOPLIST_FILE = YES;
				IPHONEOS_DEPLOYMENT_TARGET = 16.4;
				MARKETING_VERSION = 1.0;
				PRODUCT_BUNDLE_IDENTIFIER = Cp.ReadWellTests;
				PRODUCT_NAME = "$(TARGET_NAME)";
				SWIFT_EMIT_LOC_STRINGS = NO;
				SWIFT_VERSION = 5.0;
				TARGETED_DEVICE_FAMILY = "1,2";
				TEST_HOST = "$(BUILT_PRODUCTS_DIR)/ReadWell.app/$(BUNDLE_EXECUTABLE_FOLDER_PATH)/ReadWell";
			};
			name = Debug;
		};
		C650B6A42B57168E00D8D968 /* Release */ = {
			isa = XCBuildConfiguration;
			buildSettings = {
				ALWAYS_EMBED_SWIFT_STANDARD_LIBRARIES = YES;
				BUNDLE_LOADER = "$(TEST_HOST)";
				CODE_SIGN_STYLE = Automatic;
				CURRENT_PROJECT_VERSION = 1;
				GENERATE_INFOPLIST_FILE = YES;
				IPHONEOS_DEPLOYMENT_TARGET = 16.4;
				MARKETING_VERSION = 1.0;
				PRODUCT_BUNDLE_IDENTIFIER = Cp.ReadWellTests;
				PRODUCT_NAME = "$(TARGET_NAME)";
				SWIFT_EMIT_LOC_STRINGS = NO;
				SWIFT_VERSION = 5.0;
				TARGETED_DEVICE_FAMILY = "1,2";
				TEST_HOST = "$(BUILT_PRODUCTS_DIR)/ReadWell.app/$(BUNDLE_EXECUTABLE_FOLDER_PATH)/ReadWell";
			};
			name = Release;
		};
		C650B6A62B57168E00D8D968 /* Debug */ = {
			isa = XCBuildConfiguration;
			buildSettings = {
				ALWAYS_EMBED_SWIFT_STANDARD_LIBRARIES = YES;
				CODE_SIGN_STYLE = Automatic;
				CURRENT_PROJECT_VERSION = 1;
				GENERATE_INFOPLIST_FILE = YES;
				MARKETING_VERSION = 1.0;
				PRODUCT_BUNDLE_IDENTIFIER = Cp.ReadWellUITests;
				PRODUCT_NAME = "$(TARGET_NAME)";
				SWIFT_EMIT_LOC_STRINGS = NO;
				SWIFT_VERSION = 5.0;
				TARGETED_DEVICE_FAMILY = "1,2";
				TEST_TARGET_NAME = ReadWell;
			};
			name = Debug;
		};
		C650B6A72B57168E00D8D968 /* Release */ = {
			isa = XCBuildConfiguration;
			buildSettings = {
				ALWAYS_EMBED_SWIFT_STANDARD_LIBRARIES = YES;
				CODE_SIGN_STYLE = Automatic;
				CURRENT_PROJECT_VERSION = 1;
				GENERATE_INFOPLIST_FILE = YES;
				MARKETING_VERSION = 1.0;
				PRODUCT_BUNDLE_IDENTIFIER = Cp.ReadWellUITests;
				PRODUCT_NAME = "$(TARGET_NAME)";
				SWIFT_EMIT_LOC_STRINGS = NO;
				SWIFT_VERSION = 5.0;
				TARGETED_DEVICE_FAMILY = "1,2";
				TEST_TARGET_NAME = ReadWell;
			};
			name = Release;
		};
/* End XCBuildConfiguration section */

/* Begin XCConfigurationList section */
		C650B6762B57168C00D8D968 /* Build configuration list for PBXProject "ReadWell" */ = {
			isa = XCConfigurationList;
			buildConfigurations = (
				C650B69D2B57168E00D8D968 /* Debug */,
				C650B69E2B57168E00D8D968 /* Release */,
			);
			defaultConfigurationIsVisible = 0;
			defaultConfigurationName = Release;
		};
		C650B69F2B57168E00D8D968 /* Build configuration list for PBXNativeTarget "ReadWell" */ = {
			isa = XCConfigurationList;
			buildConfigurations = (
				C650B6A02B57168E00D8D968 /* Debug */,
				C650B6A12B57168E00D8D968 /* Release */,
			);
			defaultConfigurationIsVisible = 0;
			defaultConfigurationName = Release;
		};
		C650B6A22B57168E00D8D968 /* Build configuration list for PBXNativeTarget "ReadWellTests" */ = {
			isa = XCConfigurationList;
			buildConfigurations = (
				C650B6A32B57168E00D8D968 /* Debug */,
				C650B6A42B57168E00D8D968 /* Release */,
			);
			defaultConfigurationIsVisible = 0;
			defaultConfigurationName = Release;
		};
		C650B6A52B57168E00D8D968 /* Build configuration list for PBXNativeTarget "ReadWellUITests" */ = {
			isa = XCConfigurationList;
			buildConfigurations = (
				C650B6A62B57168E00D8D968 /* Debug */,
				C650B6A72B57168E00D8D968 /* Release */,
			);
			defaultConfigurationIsVisible = 0;
			defaultConfigurationName = Release;
		};
/* End XCConfigurationList section */
	};
	rootObject = C650B6732B57168C00D8D968 /* Project object */;
}
